
Microsoft Visual Studio Solution File, Format Version 12.00
# Visual Studio Version 17
VisualStudioVersion = 17.5.002.0
MinimumVisualStudioVersion = 10.0.40219.1
Project("{2150E333-8FDC-42A3-9474-1A3956D46DE8}") = "apps", "apps", "{7472BFEE-21F4-4FF7-AFD6-9F1A4549B3F6}"
EndProject
Project("{9A19103F-16F7-4668-BE54-9A1E7A4F7556}") = "Uniforms.Uniforms.Api", "apps\uniforms.api\Uniforms.Uniforms.Api.csproj", "{A0E9181F-EC51-465F-A864-51A74D8ADB2F}"
EndProject
Project("{9A19103F-16F7-4668-BE54-9A1E7A4F7556}") = "Uniforms.Uniforms.Api.Test", "apps\uniforms.api-test\Uniforms.Uniforms.Api.Test.csproj", "{3AD3EDE6-343E-437E-BED0-B109C2267DA0}"
EndProject
Project("{2150E333-8FDC-42A3-9474-1A3956D46DE8}") = "libs", "libs", "{6A74FCEF-8A48-402D-A73E-E153EC6A0D9D}"
EndProject
Project("{2150E333-8FDC-42A3-9474-1A3956D46DE8}") = "auth", "auth", "{EFA0919F-1BBE-4C8E-9B76-9CB05941CD91}"
EndProject
Project("{9A19103F-16F7-4668-BE54-9A1E7A4F7556}") = "Uniforms.Auth.UfAuthApi", "libs\auth\uf-auth-api\Uniforms.Auth.UfAuthApi.csproj", "{C3F90D8A-AD75-4900-98E7-6D174DD76159}"
EndProject
Project("{9A19103F-16F7-4668-BE54-9A1E7A4F7556}") = "Uniforms.Auth.UfAuthApi.Test", "libs\auth\uf-auth-api-test\Uniforms.Auth.UfAuthApi.Test.csproj", "{3CDA1F93-0667-4366-AEA7-7B4780592317}"
EndProject
Global
	GlobalSection(SolutionConfigurationPlatforms) = preSolution
		Debug|Any CPU = Debug|Any CPU
		Release|Any CPU = Release|Any CPU
	EndGlobalSection
	GlobalSection(ProjectConfigurationPlatforms) = postSolution
		{A0E9181F-EC51-465F-A864-51A74D8ADB2F}.Debug|Any CPU.ActiveCfg = Debug|Any CPU
		{A0E9181F-EC51-465F-A864-51A74D8ADB2F}.Debug|Any CPU.Build.0 = Debug|Any CPU
		{A0E9181F-EC51-465F-A864-51A74D8ADB2F}.Release|Any CPU.ActiveCfg = Release|Any CPU
		{A0E9181F-EC51-465F-A864-51A74D8ADB2F}.Release|Any CPU.Build.0 = Release|Any CPU
		{3AD3EDE6-343E-437E-BED0-B109C2267DA0}.Debug|Any CPU.ActiveCfg = Debug|Any CPU
		{3AD3EDE6-343E-437E-BED0-B109C2267DA0}.Debug|Any CPU.Build.0 = Debug|Any CPU
		{3AD3EDE6-343E-437E-BED0-B109C2267DA0}.Release|Any CPU.ActiveCfg = Release|Any CPU
		{3AD3EDE6-343E-437E-BED0-B109C2267DA0}.Release|Any CPU.Build.0 = Release|Any CPU
		{C3F90D8A-AD75-4900-98E7-6D174DD76159}.Debug|Any CPU.ActiveCfg = Debug|Any CPU
		{C3F90D8A-AD75-4900-98E7-6D174DD76159}.Debug|Any CPU.Build.0 = Debug|Any CPU
		{C3F90D8A-AD75-4900-98E7-6D174DD76159}.Release|Any CPU.ActiveCfg = Release|Any CPU
		{C3F90D8A-AD75-4900-98E7-6D174DD76159}.Release|Any CPU.Build.0 = Release|Any CPU
		{3CDA1F93-0667-4366-AEA7-7B4780592317}.Debug|Any CPU.ActiveCfg = Debug|Any CPU
		{3CDA1F93-0667-4366-AEA7-7B4780592317}.Debug|Any CPU.Build.0 = Debug|Any CPU
		{3CDA1F93-0667-4366-AEA7-7B4780592317}.Release|Any CPU.ActiveCfg = Release|Any CPU
		{3CDA1F93-0667-4366-AEA7-7B4780592317}.Release|Any CPU.Build.0 = Release|Any CPU
	EndGlobalSection
	GlobalSection(SolutionProperties) = preSolution
		HideSolutionNode = FALSE
	EndGlobalSection
	GlobalSection(NestedProjects) = preSolution
		{A0E9181F-EC51-465F-A864-51A74D8ADB2F} = {7472BFEE-21F4-4FF7-AFD6-9F1A4549B3F6}
		{3AD3EDE6-343E-437E-BED0-B109C2267DA0} = {7472BFEE-21F4-4FF7-AFD6-9F1A4549B3F6}
		{EFA0919F-1BBE-4C8E-9B76-9CB05941CD91} = {6A74FCEF-8A48-402D-A73E-E153EC6A0D9D}
		{C3F90D8A-AD75-4900-98E7-6D174DD76159} = {EFA0919F-1BBE-4C8E-9B76-9CB05941CD91}
		{3CDA1F93-0667-4366-AEA7-7B4780592317} = {EFA0919F-1BBE-4C8E-9B76-9CB05941CD91}
	EndGlobalSection
	GlobalSection(ExtensibilityGlobals) = postSolution
		SolutionGuid = {B74698C4-286F-4A71-BAC5-2B6A3CFD3601}
	EndGlobalSection
EndGlobal
