
Microsoft Visual Studio Solution File, Format Version 12.00
# Visual Studio Version 17
VisualStudioVersion = 17.5.002.0
MinimumVisualStudioVersion = 10.0.40219.1
Project("{2150E333-8FDC-42A3-9474-1A3956D46DE8}") = "apps", "apps", "{4159F8A4-09C7-48B0-BD8E-C5AEABB29A1F}"
EndProject
Project("{9A19103F-16F7-4668-BE54-9A1E7A4F7556}") = "Uniforms.Uniforms.Api.Test", "apps\uniforms.api-test\Uniforms.Uniforms.Api.Test.csproj", "{E93EF737-DA2E-4EBF-BFE2-25BEA1D730E6}"
EndProject
Project("{9A19103F-16F7-4668-BE54-9A1E7A4F7556}") = "Uniforms.Uniforms.Api", "apps\uniforms.api\Uniforms.Uniforms.Api.csproj", "{6AF6D0F6-857E-40F1-ADD2-E708B4F4047B}"
EndProject
Project("{2150E333-8FDC-42A3-9474-1A3956D46DE8}") = "libs", "libs", "{91A61EC2-A37F-47F6-A00E-8052AFB5A241}"
EndProject
Project("{2150E333-8FDC-42A3-9474-1A3956D46DE8}") = "auth", "auth", "{A6909BA7-A520-4CF0-948D-0C7C22DC259C}"
EndProject
Project("{9A19103F-16F7-4668-BE54-9A1E7A4F7556}") = "Uniforms.Auth.UfAuthApi", "libs\auth\uf-auth-api\Uniforms.Auth.UfAuthApi.csproj", "{CA4A9C3C-9070-4A56-A9CE-C88AF249AD0A}"
EndProject
Project("{9A19103F-16F7-4668-BE54-9A1E7A4F7556}") = "Uniforms.Auth.UfAuthApi.Test", "libs\auth\uf-auth-api-test\Uniforms.Auth.UfAuthApi.Test.csproj", "{2E4DE831-1DE4-410D-9139-33027F18E4A6}"
EndProject
Global
	GlobalSection(SolutionConfigurationPlatforms) = preSolution
		Debug|Any CPU = Debug|Any CPU
		Release|Any CPU = Release|Any CPU
	EndGlobalSection
	GlobalSection(ProjectConfigurationPlatforms) = postSolution
		{E93EF737-DA2E-4EBF-BFE2-25BEA1D730E6}.Debug|Any CPU.ActiveCfg = Debug|Any CPU
		{E93EF737-DA2E-4EBF-BFE2-25BEA1D730E6}.Debug|Any CPU.Build.0 = Debug|Any CPU
		{E93EF737-DA2E-4EBF-BFE2-25BEA1D730E6}.Release|Any CPU.ActiveCfg = Release|Any CPU
		{E93EF737-DA2E-4EBF-BFE2-25BEA1D730E6}.Release|Any CPU.Build.0 = Release|Any CPU
		{6AF6D0F6-857E-40F1-ADD2-E708B4F4047B}.Debug|Any CPU.ActiveCfg = Debug|Any CPU
		{6AF6D0F6-857E-40F1-ADD2-E708B4F4047B}.Debug|Any CPU.Build.0 = Debug|Any CPU
		{6AF6D0F6-857E-40F1-ADD2-E708B4F4047B}.Release|Any CPU.ActiveCfg = Release|Any CPU
		{6AF6D0F6-857E-40F1-ADD2-E708B4F4047B}.Release|Any CPU.Build.0 = Release|Any CPU
		{CA4A9C3C-9070-4A56-A9CE-C88AF249AD0A}.Debug|Any CPU.ActiveCfg = Debug|Any CPU
		{CA4A9C3C-9070-4A56-A9CE-C88AF249AD0A}.Debug|Any CPU.Build.0 = Debug|Any CPU
		{CA4A9C3C-9070-4A56-A9CE-C88AF249AD0A}.Release|Any CPU.ActiveCfg = Release|Any CPU
		{CA4A9C3C-9070-4A56-A9CE-C88AF249AD0A}.Release|Any CPU.Build.0 = Release|Any CPU
		{2E4DE831-1DE4-410D-9139-33027F18E4A6}.Debug|Any CPU.ActiveCfg = Debug|Any CPU
		{2E4DE831-1DE4-410D-9139-33027F18E4A6}.Debug|Any CPU.Build.0 = Debug|Any CPU
		{2E4DE831-1DE4-410D-9139-33027F18E4A6}.Release|Any CPU.ActiveCfg = Release|Any CPU
		{2E4DE831-1DE4-410D-9139-33027F18E4A6}.Release|Any CPU.Build.0 = Release|Any CPU
	EndGlobalSection
	GlobalSection(SolutionProperties) = preSolution
		HideSolutionNode = FALSE
	EndGlobalSection
	GlobalSection(NestedProjects) = preSolution
		{E93EF737-DA2E-4EBF-BFE2-25BEA1D730E6} = {4159F8A4-09C7-48B0-BD8E-C5AEABB29A1F}
		{6AF6D0F6-857E-40F1-ADD2-E708B4F4047B} = {4159F8A4-09C7-48B0-BD8E-C5AEABB29A1F}
		{A6909BA7-A520-4CF0-948D-0C7C22DC259C} = {91A61EC2-A37F-47F6-A00E-8052AFB5A241}
		{CA4A9C3C-9070-4A56-A9CE-C88AF249AD0A} = {A6909BA7-A520-4CF0-948D-0C7C22DC259C}
		{2E4DE831-1DE4-410D-9139-33027F18E4A6} = {A6909BA7-A520-4CF0-948D-0C7C22DC259C}
	EndGlobalSection
	GlobalSection(ExtensibilityGlobals) = postSolution
		SolutionGuid = {B74698C4-286F-4A71-BAC5-2B6A3CFD3601}
	EndGlobalSection
EndGlobal
