
Microsoft Visual Studio Solution File, Format Version 12.00
# Visual Studio Version 17
VisualStudioVersion = 17.5.002.0
MinimumVisualStudioVersion = 10.0.40219.1
Project("{2150E333-8FDC-42A3-9474-1A3956D46DE8}") = "apps", "apps", "{589D1D15-3E6A-4ED0-A13F-0E8123B60B71}"
EndProject
Project("{9A19103F-16F7-4668-BE54-9A1E7A4F7556}") = "Uniforms.Uniforms.Api", "apps\uniforms.api\Uniforms.Uniforms.Api.csproj", "{A438AF07-A01E-4F00-8A5D-DB406AAE0362}"
EndProject
Project("{9A19103F-16F7-4668-BE54-9A1E7A4F7556}") = "Uniforms.Uniforms.Api.Test", "apps\uniforms.api-test\Uniforms.Uniforms.Api.Test.csproj", "{2F90694E-D82B-4C5A-B1A2-9F90BD0318B2}"
EndProject
Project("{2150E333-8FDC-42A3-9474-1A3956D46DE8}") = "libs", "libs", "{84AD4CA8-8CAB-4677-B2E1-1E27E2E2A571}"
EndProject
Project("{2150E333-8FDC-42A3-9474-1A3956D46DE8}") = "auth", "auth", "{D5007AA2-6CDF-4FD5-AF13-6BFA78DAA469}"
EndProject
Project("{9A19103F-16F7-4668-BE54-9A1E7A4F7556}") = "Uniforms.Auth.UfAuthApi", "libs\auth\uf-auth-api\Uniforms.Auth.UfAuthApi.csproj", "{8A2E19A8-D866-45A2-8122-83DA183B55EC}"
EndProject
Project("{9A19103F-16F7-4668-BE54-9A1E7A4F7556}") = "Uniforms.Auth.UfAuthApi.Test", "libs\auth\uf-auth-api-test\Uniforms.Auth.UfAuthApi.Test.csproj", "{82F1C2CB-B55F-4B70-BB37-A0A69227C425}"
EndProject
Global
	GlobalSection(SolutionConfigurationPlatforms) = preSolution
		Debug|Any CPU = Debug|Any CPU
		Release|Any CPU = Release|Any CPU
	EndGlobalSection
	GlobalSection(ProjectConfigurationPlatforms) = postSolution
		{A438AF07-A01E-4F00-8A5D-DB406AAE0362}.Debug|Any CPU.ActiveCfg = Debug|Any CPU
		{A438AF07-A01E-4F00-8A5D-DB406AAE0362}.Debug|Any CPU.Build.0 = Debug|Any CPU
		{A438AF07-A01E-4F00-8A5D-DB406AAE0362}.Release|Any CPU.ActiveCfg = Release|Any CPU
		{A438AF07-A01E-4F00-8A5D-DB406AAE0362}.Release|Any CPU.Build.0 = Release|Any CPU
		{2F90694E-D82B-4C5A-B1A2-9F90BD0318B2}.Debug|Any CPU.ActiveCfg = Debug|Any CPU
		{2F90694E-D82B-4C5A-B1A2-9F90BD0318B2}.Debug|Any CPU.Build.0 = Debug|Any CPU
		{2F90694E-D82B-4C5A-B1A2-9F90BD0318B2}.Release|Any CPU.ActiveCfg = Release|Any CPU
		{2F90694E-D82B-4C5A-B1A2-9F90BD0318B2}.Release|Any CPU.Build.0 = Release|Any CPU
		{8A2E19A8-D866-45A2-8122-83DA183B55EC}.Debug|Any CPU.ActiveCfg = Debug|Any CPU
		{8A2E19A8-D866-45A2-8122-83DA183B55EC}.Debug|Any CPU.Build.0 = Debug|Any CPU
		{8A2E19A8-D866-45A2-8122-83DA183B55EC}.Release|Any CPU.ActiveCfg = Release|Any CPU
		{8A2E19A8-D866-45A2-8122-83DA183B55EC}.Release|Any CPU.Build.0 = Release|Any CPU
		{82F1C2CB-B55F-4B70-BB37-A0A69227C425}.Debug|Any CPU.ActiveCfg = Debug|Any CPU
		{82F1C2CB-B55F-4B70-BB37-A0A69227C425}.Debug|Any CPU.Build.0 = Debug|Any CPU
		{82F1C2CB-B55F-4B70-BB37-A0A69227C425}.Release|Any CPU.ActiveCfg = Release|Any CPU
		{82F1C2CB-B55F-4B70-BB37-A0A69227C425}.Release|Any CPU.Build.0 = Release|Any CPU
	EndGlobalSection
	GlobalSection(SolutionProperties) = preSolution
		HideSolutionNode = FALSE
	EndGlobalSection
	GlobalSection(NestedProjects) = preSolution
		{A438AF07-A01E-4F00-8A5D-DB406AAE0362} = {589D1D15-3E6A-4ED0-A13F-0E8123B60B71}
		{2F90694E-D82B-4C5A-B1A2-9F90BD0318B2} = {589D1D15-3E6A-4ED0-A13F-0E8123B60B71}
		{D5007AA2-6CDF-4FD5-AF13-6BFA78DAA469} = {84AD4CA8-8CAB-4677-B2E1-1E27E2E2A571}
		{8A2E19A8-D866-45A2-8122-83DA183B55EC} = {D5007AA2-6CDF-4FD5-AF13-6BFA78DAA469}
		{82F1C2CB-B55F-4B70-BB37-A0A69227C425} = {D5007AA2-6CDF-4FD5-AF13-6BFA78DAA469}
	EndGlobalSection
	GlobalSection(ExtensibilityGlobals) = postSolution
		SolutionGuid = {0B92A792-8779-4994-89BC-E19AA45CAC8A}
	EndGlobalSection
EndGlobal
